<?xml version="1.0" encoding="UTF-8" standalone="yes" ?>
<CodeBlocks_project_file>
	<FileVersion major="1" minor="6" />
	<Project>
		<Option title="MUDgame" />
		<Option pch_mode="2" />
		<Option compiler="gcc" />
		<Build>
			<Target title="Debug">
				<Option output="bin/Debug/MUDgame" prefix_auto="1" extension_auto="1" />
				<Option object_output="obj/Debug/" />
				<Option type="1" />
				<Option compiler="gcc" />
				<Compiler>
					<Add option="-g" />
				</Compiler>
			</Target>
			<Target title="Release">
				<Option output="bin/Release/MUDgame" prefix_auto="1" extension_auto="1" />
				<Option object_output="obj/Release/" />
				<Option type="1" />
				<Option compiler="gcc" />
				<Compiler>
					<Add option="-O2" />
				</Compiler>
				<Linker>
					<Add option="-s" />
				</Linker>
			</Target>
		</Build>
		<Compiler>
			<Add option="-Wall" />
			<Add option="-fexceptions" />
		</Compiler>
		<Unit filename="Article.cpp" />
		<Unit filename="Article.h" />
		<Unit filename="Attributes.cpp" />
		<Unit filename="Attributes.h" />
		<Unit filename="Bag.cpp" />
		<Unit filename="Bag.h" />
		<Unit filename="DemonMountain.cpp" />
		<Unit filename="DemonMountain.h" />
		<Unit filename="DemonShrine.cpp" />
		<Unit filename="DemonShrine.h" />
		<Unit filename="Error.cpp" />
		<Unit filename="Error.h" />
		<Unit filename="GreenCityMountain.cpp" />
		<Unit filename="GreenCityMountain.h" />
		<Unit filename="Skill.cpp" />
		<Unit filename="Skill.h" />
		<Unit filename="SkyMountain.cpp" />
		<Unit filename="SkyMountain.h" />
		<Unit filename="WuDang.cpp" />
		<Unit filename="WuDang.h" />
		<Unit filename="character.cpp" />
		<Unit filename="character.h" />
		<Unit filename="equipment.cpp" />
		<Unit filename="equipment.h" />
		<Unit filename="fighting.cpp" />
		<Unit filename="fighting.h" />
		<Unit filename="layer.cpp" />
		<Unit filename="layer.h" />
		<Unit filename="main.cpp" />
		<Unit filename="monster.cpp" />
		<Unit filename="monster.h" />
		<Unit filename="operating.cpp" />
		<Unit filename="operating.h" />
		<Unit filename="task.cpp" />
		<Unit filename="task.h" />
		<Unit filename="test.h">
			<Option target="Debug" />
		</Unit>
		<Unit filename="weapon.cpp" />
		<Unit filename="weapon.h" />
		<Extensions>
			<code_completion />
			<envvars />
			<debugger />
			<lib_finder disable_auto="1" />
		</Extensions>
	</Project>
</CodeBlocks_project_file>
